
Microsoft Visual Studio Solution File, Format Version 12.00
# Visual Studio Version 17
VisualStudioVersion = 17.7.34024.191
MinimumVisualStudioVersion = 10.0.40219.1
Project("{9A19103F-16F7-4668-BE54-9A1E7A4F7556}") = "NetworkController", "NetworkController\NetworkController.csproj", "{305037A6-AC34-4E89-8004-D257835A0943}"
EndProject
Project("{FAE04EC0-301F-11D3-BF4B-00C04F79EFBC}") = "NetworkTestHelper", "NetworkTestHelper\NetworkTestHelper.csproj", "{8F360D75-D96A-434C-B9BB-0B6FFDDA8286}"
EndProject
Project("{FAE04EC0-301F-11D3-BF4B-00C04F79EFBC}") = "NetworkTests", "NetworkTests\NetworkTests.csproj", "{180CB6AB-942B-454D-9DEE-144937DAE590}"
EndProject
Global
	GlobalSection(SolutionConfigurationPlatforms) = preSolution
		Debug|Any CPU = Debug|Any CPU
		Release|Any CPU = Release|Any CPU
	EndGlobalSection
	GlobalSection(ProjectConfigurationPlatforms) = postSolution
		{305037A6-AC34-4E89-8004-D257835A0943}.Debug|Any CPU.ActiveCfg = Debug|Any CPU
		{305037A6-AC34-4E89-8004-D257835A0943}.Debug|Any CPU.Build.0 = Debug|Any CPU
		{305037A6-AC34-4E89-8004-D257835A0943}.Release|Any CPU.ActiveCfg = Release|Any CPU
		{305037A6-AC34-4E89-8004-D257835A0943}.Release|Any CPU.Build.0 = Release|Any CPU
		{8F360D75-D96A-434C-B9BB-0B6FFDDA8286}.Debug|Any CPU.ActiveCfg = Debug|Any CPU
		{8F360D75-D96A-434C-B9BB-0B6FFDDA8286}.Debug|Any CPU.Build.0 = Debug|Any CPU
		{8F360D75-D96A-434C-B9BB-0B6FFDDA8286}.Release|Any CPU.ActiveCfg = Release|Any CPU
		{8F360D75-D96A-434C-B9BB-0B6FFDDA8286}.Release|Any CPU.Build.0 = Release|Any CPU
		{180CB6AB-942B-454D-9DEE-144937DAE590}.Debug|Any CPU.ActiveCfg = Debug|Any CPU
		{180CB6AB-942B-454D-9DEE-144937DAE590}.Debug|Any CPU.Build.0 = Debug|Any CPU
		{180CB6AB-942B-454D-9DEE-144937DAE590}.Release|Any CPU.ActiveCfg = Release|Any CPU
		{180CB6AB-942B-454D-9DEE-144937DAE590}.Release|Any CPU.Build.0 = Release|Any CPU
	EndGlobalSection
	GlobalSection(SolutionProperties) = preSolution
		HideSolutionNode = FALSE
	EndGlobalSection
	GlobalSection(ExtensibilityGlobals) = postSolution
		SolutionGuid = {D4996C4E-438F-4D26-9B88-8FB0FCC59FEA}
	EndGlobalSection
EndGlobal
